
Microsoft Visual Studio Solution File, Format Version 12.00
# Visual Studio Version 16
VisualStudioVersion = 16.0.31624.102
MinimumVisualStudioVersion = 10.0.40219.1
Project("{9A19103F-16F7-4668-BE54-9A1E7A4F7556}") = "FindSquares", "FIndSquares\FindSquares.csproj", "{14D1D28C-9327-4D0B-990E-4744B8FBF4FC}"
EndProject
Project("{FAE04EC0-301F-11D3-BF4B-00C04F79EFBC}") = "MyLib", "MyLib\MyLib.csproj", "{DF3F30E5-B2DB-4BFF-8F7D-54AC283111C7}"
EndProject
Global
	GlobalSection(SolutionConfigurationPlatforms) = preSolution
		Debug|Any CPU = Debug|Any CPU
		Release|Any CPU = Release|Any CPU
	EndGlobalSection
	GlobalSection(ProjectConfigurationPlatforms) = postSolution
		{14D1D28C-9327-4D0B-990E-4744B8FBF4FC}.Debug|Any CPU.ActiveCfg = Debug|Any CPU
		{14D1D28C-9327-4D0B-990E-4744B8FBF4FC}.Debug|Any CPU.Build.0 = Debug|Any CPU
		{14D1D28C-9327-4D0B-990E-4744B8FBF4FC}.Release|Any CPU.ActiveCfg = Release|Any CPU
		{14D1D28C-9327-4D0B-990E-4744B8FBF4FC}.Release|Any CPU.Build.0 = Release|Any CPU
		{DF3F30E5-B2DB-4BFF-8F7D-54AC283111C7}.Debug|Any CPU.ActiveCfg = Debug|Any CPU
		{DF3F30E5-B2DB-4BFF-8F7D-54AC283111C7}.Debug|Any CPU.Build.0 = Debug|Any CPU
		{DF3F30E5-B2DB-4BFF-8F7D-54AC283111C7}.Release|Any CPU.ActiveCfg = Release|Any CPU
		{DF3F30E5-B2DB-4BFF-8F7D-54AC283111C7}.Release|Any CPU.Build.0 = Release|Any CPU
	EndGlobalSection
	GlobalSection(SolutionProperties) = preSolution
		HideSolutionNode = FALSE
	EndGlobalSection
	GlobalSection(ExtensibilityGlobals) = postSolution
		SolutionGuid = {5B824333-7DC2-4B55-B09B-D29CA66FDD98}
	EndGlobalSection
EndGlobal
